
Microsoft Visual Studio Solution File, Format Version 12.00
# Visual Studio Version 17
VisualStudioVersion = 17.8.34525.116
MinimumVisualStudioVersion = 10.0.40219.1
Project("{2150E333-8FDC-42A3-9474-1A3956D46DE8}") = "01 APIS", "01 APIS", "{902331FA-7F0C-4528-ACD0-C3A8DD071EAB}"
EndProject
Project("{2150E333-8FDC-42A3-9474-1A3956D46DE8}") = "02 BUSSNIES", "02 BUSSNIES", "{29F8022C-A484-4F77-84D3-1D8C4024B113}"
EndProject
Project("{2150E333-8FDC-42A3-9474-1A3956D46DE8}") = "03 SERVICES", "03 SERVICES", "{D2AC7CF9-9A8B-4E6D-86B4-506B4B9B7E7D}"
EndProject
Project("{2150E333-8FDC-42A3-9474-1A3956D46DE8}") = "04 REPOSITORY", "04 REPOSITORY", "{6F4D3326-6C93-48F2-8E61-4F0461B2ED4B}"
EndProject
Project("{2150E333-8FDC-42A3-9474-1A3956D46DE8}") = "05 MODELS", "05 MODELS", "{1728E324-61C1-4542-9111-CC4762F80900}"
EndProject
Project("{2150E333-8FDC-42A3-9474-1A3956D46DE8}") = "07 GENERACION ARCHIVOS", "07 GENERACION ARCHIVOS", "{F1BC6BFA-14D3-4EA9-B687-1A4924CB748D}"
EndProject
Project("{2150E333-8FDC-42A3-9474-1A3956D46DE8}") = "06 UTILITARIOS", "06 UTILITARIOS", "{49519CAA-77E5-4374-B012-2C7F9E3BB663}"
EndProject
Project("{2150E333-8FDC-42A3-9474-1A3956D46DE8}") = "10 ANOTACIONES", "10 ANOTACIONES", "{D21FB2DB-8157-45DA-A809-0E4052F2081B}"
	ProjectSection(SolutionItems) = preProject
		CadenaConexionDB.txt = CadenaConexionDB.txt
		DataBaseEIBYMODA.txt = DataBaseEIBYMODA.txt
		JWTlibrerias.txt = JWTlibrerias.txt
		Librerias.txt = Librerias.txt
	EndProjectSection
EndProject
Project("{9A19103F-16F7-4668-BE54-9A1E7A4F7556}") = "ApiWebPageEiby", "ApiWebPageEiby\ApiWebPageEiby.csproj", "{E7D7113A-9154-4EC8-8868-8604941BFD24}"
EndProject
Project("{9A19103F-16F7-4668-BE54-9A1E7A4F7556}") = "Bussnies", "Bussnies\Bussnies.csproj", "{A146CECB-DB5E-4387-9794-1AA69A415CBE}"
EndProject
Project("{9A19103F-16F7-4668-BE54-9A1E7A4F7556}") = "IBussnies", "IBussnies\IBussnies.csproj", "{545FFC7C-83DC-4549-B669-B50B2E641ED1}"
EndProject
Project("{9A19103F-16F7-4668-BE54-9A1E7A4F7556}") = "Services", "Services\Services.csproj", "{6E6D20C5-8812-4DEA-A6FB-44686E930DA9}"
EndProject
Project("{9A19103F-16F7-4668-BE54-9A1E7A4F7556}") = "IServices", "IServices\IServices.csproj", "{4E23FD7A-FB03-45B8-BC69-990972F02F9B}"
EndProject
Project("{9A19103F-16F7-4668-BE54-9A1E7A4F7556}") = "Repository", "Repository\Repository.csproj", "{BA880C7E-4D65-4738-950E-062A07C048EC}"
EndProject
Project("{9A19103F-16F7-4668-BE54-9A1E7A4F7556}") = "IRepository", "IRepository\IRepository.csproj", "{A136BA44-609C-44A6-BCEF-FC1156BF7E25}"
EndProject
Project("{9A19103F-16F7-4668-BE54-9A1E7A4F7556}") = "CommonModel", "CommonModel\CommonModel.csproj", "{9C7F35DB-84F6-443F-B5B6-17B8DBE186F8}"
EndProject
Project("{9A19103F-16F7-4668-BE54-9A1E7A4F7556}") = "DBEibyModaModel", "DBEibyModaModel\DBEibyModaModel.csproj", "{FC833B40-A730-49F0-92DB-D2380680A661}"
EndProject
Project("{9A19103F-16F7-4668-BE54-9A1E7A4F7556}") = "RequestResponseModel", "RequestResponseModel\RequestResponseModel.csproj", "{D43A341C-AECD-4429-ADA5-375880E943E0}"
EndProject
Project("{9A19103F-16F7-4668-BE54-9A1E7A4F7556}") = "UtilAutomapper", "UtilAutomapper\UtilAutomapper.csproj", "{7CB329E1-E7EA-4D47-A952-67CFB0D5DF8E}"
EndProject
Project("{9A19103F-16F7-4668-BE54-9A1E7A4F7556}") = "UtilConstants", "UtilConstants\UtilConstants.csproj", "{20774A5D-E093-4B1E-A5A5-7649DEDDB8B5}"
EndProject
Project("{9A19103F-16F7-4668-BE54-9A1E7A4F7556}") = "UtilSecurity", "UtilSecurity\UtilSecurity.csproj", "{EDFCF315-08CF-4283-BD9C-8DB2C4E888F5}"
EndProject
Project("{9A19103F-16F7-4668-BE54-9A1E7A4F7556}") = "UtilExcel", "UtilExcel\UtilExcel.csproj", "{ACAEEA16-D93D-4B9B-A2B0-639FCE8D5265}"
EndProject
Project("{9A19103F-16F7-4668-BE54-9A1E7A4F7556}") = "UtilPdf", "UtilPdf\UtilPdf.csproj", "{48A70578-3616-4542-9960-F83FB23D6B30}"
EndProject
Global
	GlobalSection(SolutionConfigurationPlatforms) = preSolution
		Debug|Any CPU = Debug|Any CPU
		Release|Any CPU = Release|Any CPU
	EndGlobalSection
	GlobalSection(ProjectConfigurationPlatforms) = postSolution
		{E7D7113A-9154-4EC8-8868-8604941BFD24}.Debug|Any CPU.ActiveCfg = Debug|Any CPU
		{E7D7113A-9154-4EC8-8868-8604941BFD24}.Debug|Any CPU.Build.0 = Debug|Any CPU
		{E7D7113A-9154-4EC8-8868-8604941BFD24}.Release|Any CPU.ActiveCfg = Release|Any CPU
		{E7D7113A-9154-4EC8-8868-8604941BFD24}.Release|Any CPU.Build.0 = Release|Any CPU
		{A146CECB-DB5E-4387-9794-1AA69A415CBE}.Debug|Any CPU.ActiveCfg = Debug|Any CPU
		{A146CECB-DB5E-4387-9794-1AA69A415CBE}.Debug|Any CPU.Build.0 = Debug|Any CPU
		{A146CECB-DB5E-4387-9794-1AA69A415CBE}.Release|Any CPU.ActiveCfg = Release|Any CPU
		{A146CECB-DB5E-4387-9794-1AA69A415CBE}.Release|Any CPU.Build.0 = Release|Any CPU
		{545FFC7C-83DC-4549-B669-B50B2E641ED1}.Debug|Any CPU.ActiveCfg = Debug|Any CPU
		{545FFC7C-83DC-4549-B669-B50B2E641ED1}.Debug|Any CPU.Build.0 = Debug|Any CPU
		{545FFC7C-83DC-4549-B669-B50B2E641ED1}.Release|Any CPU.ActiveCfg = Release|Any CPU
		{545FFC7C-83DC-4549-B669-B50B2E641ED1}.Release|Any CPU.Build.0 = Release|Any CPU
		{6E6D20C5-8812-4DEA-A6FB-44686E930DA9}.Debug|Any CPU.ActiveCfg = Debug|Any CPU
		{6E6D20C5-8812-4DEA-A6FB-44686E930DA9}.Debug|Any CPU.Build.0 = Debug|Any CPU
		{6E6D20C5-8812-4DEA-A6FB-44686E930DA9}.Release|Any CPU.ActiveCfg = Release|Any CPU
		{6E6D20C5-8812-4DEA-A6FB-44686E930DA9}.Release|Any CPU.Build.0 = Release|Any CPU
		{4E23FD7A-FB03-45B8-BC69-990972F02F9B}.Debug|Any CPU.ActiveCfg = Debug|Any CPU
		{4E23FD7A-FB03-45B8-BC69-990972F02F9B}.Debug|Any CPU.Build.0 = Debug|Any CPU
		{4E23FD7A-FB03-45B8-BC69-990972F02F9B}.Release|Any CPU.ActiveCfg = Release|Any CPU
		{4E23FD7A-FB03-45B8-BC69-990972F02F9B}.Release|Any CPU.Build.0 = Release|Any CPU
		{BA880C7E-4D65-4738-950E-062A07C048EC}.Debug|Any CPU.ActiveCfg = Debug|Any CPU
		{BA880C7E-4D65-4738-950E-062A07C048EC}.Debug|Any CPU.Build.0 = Debug|Any CPU
		{BA880C7E-4D65-4738-950E-062A07C048EC}.Release|Any CPU.ActiveCfg = Release|Any CPU
		{BA880C7E-4D65-4738-950E-062A07C048EC}.Release|Any CPU.Build.0 = Release|Any CPU
		{A136BA44-609C-44A6-BCEF-FC1156BF7E25}.Debug|Any CPU.ActiveCfg = Debug|Any CPU
		{A136BA44-609C-44A6-BCEF-FC1156BF7E25}.Debug|Any CPU.Build.0 = Debug|Any CPU
		{A136BA44-609C-44A6-BCEF-FC1156BF7E25}.Release|Any CPU.ActiveCfg = Release|Any CPU
		{A136BA44-609C-44A6-BCEF-FC1156BF7E25}.Release|Any CPU.Build.0 = Release|Any CPU
		{9C7F35DB-84F6-443F-B5B6-17B8DBE186F8}.Debug|Any CPU.ActiveCfg = Debug|Any CPU
		{9C7F35DB-84F6-443F-B5B6-17B8DBE186F8}.Debug|Any CPU.Build.0 = Debug|Any CPU
		{9C7F35DB-84F6-443F-B5B6-17B8DBE186F8}.Release|Any CPU.ActiveCfg = Release|Any CPU
		{9C7F35DB-84F6-443F-B5B6-17B8DBE186F8}.Release|Any CPU.Build.0 = Release|Any CPU
		{FC833B40-A730-49F0-92DB-D2380680A661}.Debug|Any CPU.ActiveCfg = Debug|Any CPU
		{FC833B40-A730-49F0-92DB-D2380680A661}.Debug|Any CPU.Build.0 = Debug|Any CPU
		{FC833B40-A730-49F0-92DB-D2380680A661}.Release|Any CPU.ActiveCfg = Release|Any CPU
		{FC833B40-A730-49F0-92DB-D2380680A661}.Release|Any CPU.Build.0 = Release|Any CPU
		{D43A341C-AECD-4429-ADA5-375880E943E0}.Debug|Any CPU.ActiveCfg = Debug|Any CPU
		{D43A341C-AECD-4429-ADA5-375880E943E0}.Debug|Any CPU.Build.0 = Debug|Any CPU
		{D43A341C-AECD-4429-ADA5-375880E943E0}.Release|Any CPU.ActiveCfg = Release|Any CPU
		{D43A341C-AECD-4429-ADA5-375880E943E0}.Release|Any CPU.Build.0 = Release|Any CPU
		{7CB329E1-E7EA-4D47-A952-67CFB0D5DF8E}.Debug|Any CPU.ActiveCfg = Debug|Any CPU
		{7CB329E1-E7EA-4D47-A952-67CFB0D5DF8E}.Debug|Any CPU.Build.0 = Debug|Any CPU
		{7CB329E1-E7EA-4D47-A952-67CFB0D5DF8E}.Release|Any CPU.ActiveCfg = Release|Any CPU
		{7CB329E1-E7EA-4D47-A952-67CFB0D5DF8E}.Release|Any CPU.Build.0 = Release|Any CPU
		{20774A5D-E093-4B1E-A5A5-7649DEDDB8B5}.Debug|Any CPU.ActiveCfg = Debug|Any CPU
		{20774A5D-E093-4B1E-A5A5-7649DEDDB8B5}.Debug|Any CPU.Build.0 = Debug|Any CPU
		{20774A5D-E093-4B1E-A5A5-7649DEDDB8B5}.Release|Any CPU.ActiveCfg = Release|Any CPU
		{20774A5D-E093-4B1E-A5A5-7649DEDDB8B5}.Release|Any CPU.Build.0 = Release|Any CPU
		{EDFCF315-08CF-4283-BD9C-8DB2C4E888F5}.Debug|Any CPU.ActiveCfg = Debug|Any CPU
		{EDFCF315-08CF-4283-BD9C-8DB2C4E888F5}.Debug|Any CPU.Build.0 = Debug|Any CPU
		{EDFCF315-08CF-4283-BD9C-8DB2C4E888F5}.Release|Any CPU.ActiveCfg = Release|Any CPU
		{EDFCF315-08CF-4283-BD9C-8DB2C4E888F5}.Release|Any CPU.Build.0 = Release|Any CPU
		{ACAEEA16-D93D-4B9B-A2B0-639FCE8D5265}.Debug|Any CPU.ActiveCfg = Debug|Any CPU
		{ACAEEA16-D93D-4B9B-A2B0-639FCE8D5265}.Debug|Any CPU.Build.0 = Debug|Any CPU
		{ACAEEA16-D93D-4B9B-A2B0-639FCE8D5265}.Release|Any CPU.ActiveCfg = Release|Any CPU
		{ACAEEA16-D93D-4B9B-A2B0-639FCE8D5265}.Release|Any CPU.Build.0 = Release|Any CPU
		{48A70578-3616-4542-9960-F83FB23D6B30}.Debug|Any CPU.ActiveCfg = Debug|Any CPU
		{48A70578-3616-4542-9960-F83FB23D6B30}.Debug|Any CPU.Build.0 = Debug|Any CPU
		{48A70578-3616-4542-9960-F83FB23D6B30}.Release|Any CPU.ActiveCfg = Release|Any CPU
		{48A70578-3616-4542-9960-F83FB23D6B30}.Release|Any CPU.Build.0 = Release|Any CPU
	EndGlobalSection
	GlobalSection(SolutionProperties) = preSolution
		HideSolutionNode = FALSE
	EndGlobalSection
	GlobalSection(NestedProjects) = preSolution
		{E7D7113A-9154-4EC8-8868-8604941BFD24} = {902331FA-7F0C-4528-ACD0-C3A8DD071EAB}
		{A146CECB-DB5E-4387-9794-1AA69A415CBE} = {29F8022C-A484-4F77-84D3-1D8C4024B113}
		{545FFC7C-83DC-4549-B669-B50B2E641ED1} = {29F8022C-A484-4F77-84D3-1D8C4024B113}
		{6E6D20C5-8812-4DEA-A6FB-44686E930DA9} = {D2AC7CF9-9A8B-4E6D-86B4-506B4B9B7E7D}
		{4E23FD7A-FB03-45B8-BC69-990972F02F9B} = {D2AC7CF9-9A8B-4E6D-86B4-506B4B9B7E7D}
		{BA880C7E-4D65-4738-950E-062A07C048EC} = {6F4D3326-6C93-48F2-8E61-4F0461B2ED4B}
		{A136BA44-609C-44A6-BCEF-FC1156BF7E25} = {6F4D3326-6C93-48F2-8E61-4F0461B2ED4B}
		{9C7F35DB-84F6-443F-B5B6-17B8DBE186F8} = {1728E324-61C1-4542-9111-CC4762F80900}
		{FC833B40-A730-49F0-92DB-D2380680A661} = {1728E324-61C1-4542-9111-CC4762F80900}
		{D43A341C-AECD-4429-ADA5-375880E943E0} = {1728E324-61C1-4542-9111-CC4762F80900}
		{7CB329E1-E7EA-4D47-A952-67CFB0D5DF8E} = {49519CAA-77E5-4374-B012-2C7F9E3BB663}
		{20774A5D-E093-4B1E-A5A5-7649DEDDB8B5} = {49519CAA-77E5-4374-B012-2C7F9E3BB663}
		{EDFCF315-08CF-4283-BD9C-8DB2C4E888F5} = {49519CAA-77E5-4374-B012-2C7F9E3BB663}
		{ACAEEA16-D93D-4B9B-A2B0-639FCE8D5265} = {F1BC6BFA-14D3-4EA9-B687-1A4924CB748D}
		{48A70578-3616-4542-9960-F83FB23D6B30} = {F1BC6BFA-14D3-4EA9-B687-1A4924CB748D}
	EndGlobalSection
	GlobalSection(ExtensibilityGlobals) = postSolution
		SolutionGuid = {4026C71B-EC0F-41EA-90A0-FB2941DE72F4}
	EndGlobalSection
EndGlobal
